{
  "name": "sargam",
  "version": "0.1.1",
  "lockfileVersion": 3,
  "requires": true,
  "packages": {
    "": {
      "name": "sargam",
      "version": "0.1.1",
      "devDependencies": {
        "@sargamdesign/colors": "^2.1.1"
      },
      "engines": {
        "vscode": "^1.85.0"
      }
    },
    "node_modules/@sargamdesign/colors": {
      "version": "2.1.1",
      "resolved": "https://registry.npmjs.org/@sargamdesign/colors/-/colors-2.1.1.tgz",
      "integrity": "sha512-s9IZ/Crr/UH5zvzRFK/dgfj3G17gDv4CzCCwTnWzoOQ/6CkKR8b7FrWd9gqZmTEXis7L4h4lftEhhr0krVATiA==",
      "dev": true
    }
  }
}
